
Microsoft Visual Studio Solution File, Format Version 12.00
# Visual Studio 14
VisualStudioVersion = 14.0.23107.0
MinimumVisualStudioVersion = 10.0.40219.1
Project("{2150E333-8FDC-42A3-9474-1A3956D46DE8}") = "src", "src", "{878AA55E-AA4C-4661-8EE1-AE89E3E5F2E5}"
EndProject
Project("{2150E333-8FDC-42A3-9474-1A3956D46DE8}") = "Solution Items", "Solution Items", "{4181378B-9192-4173-91B7-5E01F5612916}"
	ProjectSection(SolutionItems) = preProject
		global.json = global.json
	EndProjectSection
EndProject
Project("{8BB2217D-0F2D-49D1-97BC-3654ED321F3B}") = "SP.WEB", "src\SP.WEB\SP.WEB.xproj", "{27F157DC-2DA1-436B-8FDC-B704EB1F899A}"
EndProject
Project("{2150E333-8FDC-42A3-9474-1A3956D46DE8}") = "tests", "tests", "{E188DEC2-7216-4CE6-8C49-F6B1D11B5463}"
EndProject
Project("{8BB2217D-0F2D-49D1-97BC-3654ED321F3B}") = "SP.WEB.Tests", "tests\SP.WEB.Tests\SP.WEB.Tests.xproj", "{9A9A328D-C3AE-43CC-94D9-4FB8AFD37F00}"
EndProject
Project("{8BB2217D-0F2D-49D1-97BC-3654ED321F3B}") = "SP.BLL", "src\SP.BLL\SP.BLL.xproj", "{B51F42AE-B6AC-4CD4-B3D1-9ECA6467757D}"
EndProject
Project("{8BB2217D-0F2D-49D1-97BC-3654ED321F3B}") = "SP.Entities", "src\SP.Entities\SP.Entities.xproj", "{1B777635-3BB0-455C-9370-93B8FD39173C}"
EndProject
Project("{8BB2217D-0F2D-49D1-97BC-3654ED321F3B}") = "SP.DAL", "src\SP.DAL\SP.DAL.xproj", "{8832DD29-CB54-4F31-9E5E-B57B1E335834}"
EndProject
Project("{8BB2217D-0F2D-49D1-97BC-3654ED321F3B}") = "SP.BLL.Tests", "tests\SP.BLL.Tests\SP.BLL.Tests.xproj", "{43D1777E-46FA-439E-8B78-50A50BB02DC0}"
EndProject
Global
	GlobalSection(SolutionConfigurationPlatforms) = preSolution
		Debug|Any CPU = Debug|Any CPU
		Release|Any CPU = Release|Any CPU
	EndGlobalSection
	GlobalSection(ProjectConfigurationPlatforms) = postSolution
		{27F157DC-2DA1-436B-8FDC-B704EB1F899A}.Debug|Any CPU.ActiveCfg = Debug|Any CPU
		{27F157DC-2DA1-436B-8FDC-B704EB1F899A}.Debug|Any CPU.Build.0 = Debug|Any CPU
		{27F157DC-2DA1-436B-8FDC-B704EB1F899A}.Release|Any CPU.ActiveCfg = Release|Any CPU
		{27F157DC-2DA1-436B-8FDC-B704EB1F899A}.Release|Any CPU.Build.0 = Release|Any CPU
		{9A9A328D-C3AE-43CC-94D9-4FB8AFD37F00}.Debug|Any CPU.ActiveCfg = Debug|Any CPU
		{9A9A328D-C3AE-43CC-94D9-4FB8AFD37F00}.Debug|Any CPU.Build.0 = Debug|Any CPU
		{9A9A328D-C3AE-43CC-94D9-4FB8AFD37F00}.Release|Any CPU.ActiveCfg = Release|Any CPU
		{9A9A328D-C3AE-43CC-94D9-4FB8AFD37F00}.Release|Any CPU.Build.0 = Release|Any CPU
		{B51F42AE-B6AC-4CD4-B3D1-9ECA6467757D}.Debug|Any CPU.ActiveCfg = Debug|Any CPU
		{B51F42AE-B6AC-4CD4-B3D1-9ECA6467757D}.Debug|Any CPU.Build.0 = Debug|Any CPU
		{B51F42AE-B6AC-4CD4-B3D1-9ECA6467757D}.Release|Any CPU.ActiveCfg = Release|Any CPU
		{B51F42AE-B6AC-4CD4-B3D1-9ECA6467757D}.Release|Any CPU.Build.0 = Release|Any CPU
		{1B777635-3BB0-455C-9370-93B8FD39173C}.Debug|Any CPU.ActiveCfg = Debug|Any CPU
		{1B777635-3BB0-455C-9370-93B8FD39173C}.Debug|Any CPU.Build.0 = Debug|Any CPU
		{1B777635-3BB0-455C-9370-93B8FD39173C}.Release|Any CPU.ActiveCfg = Release|Any CPU
		{1B777635-3BB0-455C-9370-93B8FD39173C}.Release|Any CPU.Build.0 = Release|Any CPU
		{8832DD29-CB54-4F31-9E5E-B57B1E335834}.Debug|Any CPU.ActiveCfg = Debug|Any CPU
		{8832DD29-CB54-4F31-9E5E-B57B1E335834}.Debug|Any CPU.Build.0 = Debug|Any CPU
		{8832DD29-CB54-4F31-9E5E-B57B1E335834}.Release|Any CPU.ActiveCfg = Release|Any CPU
		{8832DD29-CB54-4F31-9E5E-B57B1E335834}.Release|Any CPU.Build.0 = Release|Any CPU
		{43D1777E-46FA-439E-8B78-50A50BB02DC0}.Debug|Any CPU.ActiveCfg = Debug|Any CPU
		{43D1777E-46FA-439E-8B78-50A50BB02DC0}.Debug|Any CPU.Build.0 = Debug|Any CPU
		{43D1777E-46FA-439E-8B78-50A50BB02DC0}.Release|Any CPU.ActiveCfg = Release|Any CPU
		{43D1777E-46FA-439E-8B78-50A50BB02DC0}.Release|Any CPU.Build.0 = Release|Any CPU
	EndGlobalSection
	GlobalSection(SolutionProperties) = preSolution
		HideSolutionNode = FALSE
	EndGlobalSection
	GlobalSection(NestedProjects) = preSolution
		{27F157DC-2DA1-436B-8FDC-B704EB1F899A} = {878AA55E-AA4C-4661-8EE1-AE89E3E5F2E5}
		{9A9A328D-C3AE-43CC-94D9-4FB8AFD37F00} = {E188DEC2-7216-4CE6-8C49-F6B1D11B5463}
		{B51F42AE-B6AC-4CD4-B3D1-9ECA6467757D} = {878AA55E-AA4C-4661-8EE1-AE89E3E5F2E5}
		{1B777635-3BB0-455C-9370-93B8FD39173C} = {878AA55E-AA4C-4661-8EE1-AE89E3E5F2E5}
		{8832DD29-CB54-4F31-9E5E-B57B1E335834} = {878AA55E-AA4C-4661-8EE1-AE89E3E5F2E5}
		{43D1777E-46FA-439E-8B78-50A50BB02DC0} = {E188DEC2-7216-4CE6-8C49-F6B1D11B5463}
	EndGlobalSection
EndGlobal
