
Microsoft Visual Studio Solution File, Format Version 12.00
# Visual Studio 14
VisualStudioVersion = 14.0.23107.0
MinimumVisualStudioVersion = 10.0.40219.1
Project("{2150E333-8FDC-42A3-9474-1A3956D46DE8}") = "src", "src", "{878AA55E-AA4C-4661-8EE1-AE89E3E5F2E5}"
EndProject
Project("{2150E333-8FDC-42A3-9474-1A3956D46DE8}") = "Solution Items", "Solution Items", "{4181378B-9192-4173-91B7-5E01F5612916}"
	ProjectSection(SolutionItems) = preProject
		global.json = global.json
	EndProjectSection
EndProject
Project("{8BB2217D-0F2D-49D1-97BC-3654ED321F3B}") = "SP", "src\SP\SP.xproj", "{27F157DC-2DA1-436B-8FDC-B704EB1F899A}"
EndProject
Project("{FAE04EC0-301F-11D3-BF4B-00C04F79EFBC}") = "SP.BLL", "src\SP.BLL\SP.BLL.csproj", "{5B83F4D9-A1F8-48D4-A922-362134600AD3}"
EndProject
Project("{FAE04EC0-301F-11D3-BF4B-00C04F79EFBC}") = "SP.DAL", "src\SP.DAL\SP.DAL.csproj", "{4FB540A0-E497-421E-8A9F-B1800BB6833E}"
EndProject
Project("{FAE04EC0-301F-11D3-BF4B-00C04F79EFBC}") = "SP.Entities", "src\SP.Entities\SP.Entities.csproj", "{AAC7D8C2-FF8A-4FEB-BC2F-BAA3F652D4FC}"
EndProject
Project("{2150E333-8FDC-42A3-9474-1A3956D46DE8}") = "tests", "tests", "{E188DEC2-7216-4CE6-8C49-F6B1D11B5463}"
EndProject
Project("{8BB2217D-0F2D-49D1-97BC-3654ED321F3B}") = "SP.WEB.Tests", "tests\SP.WEB.Tests\SP.WEB.Tests.xproj", "{9A9A328D-C3AE-43CC-94D9-4FB8AFD37F00}"
EndProject
Global
	GlobalSection(SolutionConfigurationPlatforms) = preSolution
		Debug|Any CPU = Debug|Any CPU
		Release|Any CPU = Release|Any CPU
	EndGlobalSection
	GlobalSection(ProjectConfigurationPlatforms) = postSolution
		{27F157DC-2DA1-436B-8FDC-B704EB1F899A}.Debug|Any CPU.ActiveCfg = Debug|Any CPU
		{27F157DC-2DA1-436B-8FDC-B704EB1F899A}.Debug|Any CPU.Build.0 = Debug|Any CPU
		{27F157DC-2DA1-436B-8FDC-B704EB1F899A}.Release|Any CPU.ActiveCfg = Release|Any CPU
		{27F157DC-2DA1-436B-8FDC-B704EB1F899A}.Release|Any CPU.Build.0 = Release|Any CPU
		{5B83F4D9-A1F8-48D4-A922-362134600AD3}.Debug|Any CPU.ActiveCfg = Debug|Any CPU
		{5B83F4D9-A1F8-48D4-A922-362134600AD3}.Debug|Any CPU.Build.0 = Debug|Any CPU
		{5B83F4D9-A1F8-48D4-A922-362134600AD3}.Release|Any CPU.ActiveCfg = Release|Any CPU
		{5B83F4D9-A1F8-48D4-A922-362134600AD3}.Release|Any CPU.Build.0 = Release|Any CPU
		{4FB540A0-E497-421E-8A9F-B1800BB6833E}.Debug|Any CPU.ActiveCfg = Debug|Any CPU
		{4FB540A0-E497-421E-8A9F-B1800BB6833E}.Debug|Any CPU.Build.0 = Debug|Any CPU
		{4FB540A0-E497-421E-8A9F-B1800BB6833E}.Release|Any CPU.ActiveCfg = Release|Any CPU
		{4FB540A0-E497-421E-8A9F-B1800BB6833E}.Release|Any CPU.Build.0 = Release|Any CPU
		{AAC7D8C2-FF8A-4FEB-BC2F-BAA3F652D4FC}.Debug|Any CPU.ActiveCfg = Debug|Any CPU
		{AAC7D8C2-FF8A-4FEB-BC2F-BAA3F652D4FC}.Debug|Any CPU.Build.0 = Debug|Any CPU
		{AAC7D8C2-FF8A-4FEB-BC2F-BAA3F652D4FC}.Release|Any CPU.ActiveCfg = Release|Any CPU
		{AAC7D8C2-FF8A-4FEB-BC2F-BAA3F652D4FC}.Release|Any CPU.Build.0 = Release|Any CPU
		{9A9A328D-C3AE-43CC-94D9-4FB8AFD37F00}.Debug|Any CPU.ActiveCfg = Debug|Any CPU
		{9A9A328D-C3AE-43CC-94D9-4FB8AFD37F00}.Debug|Any CPU.Build.0 = Debug|Any CPU
		{9A9A328D-C3AE-43CC-94D9-4FB8AFD37F00}.Release|Any CPU.ActiveCfg = Release|Any CPU
		{9A9A328D-C3AE-43CC-94D9-4FB8AFD37F00}.Release|Any CPU.Build.0 = Release|Any CPU
	EndGlobalSection
	GlobalSection(SolutionProperties) = preSolution
		HideSolutionNode = FALSE
	EndGlobalSection
	GlobalSection(NestedProjects) = preSolution
		{27F157DC-2DA1-436B-8FDC-B704EB1F899A} = {878AA55E-AA4C-4661-8EE1-AE89E3E5F2E5}
		{5B83F4D9-A1F8-48D4-A922-362134600AD3} = {878AA55E-AA4C-4661-8EE1-AE89E3E5F2E5}
		{4FB540A0-E497-421E-8A9F-B1800BB6833E} = {878AA55E-AA4C-4661-8EE1-AE89E3E5F2E5}
		{AAC7D8C2-FF8A-4FEB-BC2F-BAA3F652D4FC} = {878AA55E-AA4C-4661-8EE1-AE89E3E5F2E5}
		{9A9A328D-C3AE-43CC-94D9-4FB8AFD37F00} = {E188DEC2-7216-4CE6-8C49-F6B1D11B5463}
	EndGlobalSection
EndGlobal
