
Microsoft Visual Studio Solution File, Format Version 12.00
# Visual Studio 14
VisualStudioVersion = 14.0.23107.0
MinimumVisualStudioVersion = 10.0.40219.1
Project("{2150E333-8FDC-42A3-9474-1A3956D46DE8}") = "src", "src", "{878AA55E-AA4C-4661-8EE1-AE89E3E5F2E5}"
EndProject
Project("{2150E333-8FDC-42A3-9474-1A3956D46DE8}") = "Solution Items", "Solution Items", "{4181378B-9192-4173-91B7-5E01F5612916}"
	ProjectSection(SolutionItems) = preProject
		global.json = global.json
	EndProjectSection
EndProject
Project("{8BB2217D-0F2D-49D1-97BC-3654ED321F3B}") = "SP", "src\SP\SP.xproj", "{27F157DC-2DA1-436B-8FDC-B704EB1F899A}"
EndProject
Project("{FAE04EC0-301F-11D3-BF4B-00C04F79EFBC}") = "SP.DAL", "SP.DAL\SP.DAL.csproj", "{3A57BD68-75C9-4BCC-AFB9-D469326DCCB1}"
EndProject
Project("{FAE04EC0-301F-11D3-BF4B-00C04F79EFBC}") = "SP.BAL", "SP.BAL\SP.BAL.csproj", "{BB55AF55-4597-4116-AB72-F498BAEC9247}"
EndProject
Project("{FAE04EC0-301F-11D3-BF4B-00C04F79EFBC}") = "SP.Tests", "SP.Tests\SP.Tests.csproj", "{F0A646E7-3CDF-426F-BEC1-2CB6DD3AB3F9}"
EndProject
Project("{FAE04EC0-301F-11D3-BF4B-00C04F79EFBC}") = "SP.BAL.Tests", "SP.BAL.Tests\SP.BAL.Tests.csproj", "{5FDD0470-C172-4B37-99FE-57167F6D8C4E}"
EndProject
Global
	GlobalSection(SolutionConfigurationPlatforms) = preSolution
		Debug|Any CPU = Debug|Any CPU
		Release|Any CPU = Release|Any CPU
	EndGlobalSection
	GlobalSection(ProjectConfigurationPlatforms) = postSolution
		{27F157DC-2DA1-436B-8FDC-B704EB1F899A}.Debug|Any CPU.ActiveCfg = Debug|Any CPU
		{27F157DC-2DA1-436B-8FDC-B704EB1F899A}.Debug|Any CPU.Build.0 = Debug|Any CPU
		{27F157DC-2DA1-436B-8FDC-B704EB1F899A}.Release|Any CPU.ActiveCfg = Release|Any CPU
		{27F157DC-2DA1-436B-8FDC-B704EB1F899A}.Release|Any CPU.Build.0 = Release|Any CPU
		{3A57BD68-75C9-4BCC-AFB9-D469326DCCB1}.Debug|Any CPU.ActiveCfg = Debug|Any CPU
		{3A57BD68-75C9-4BCC-AFB9-D469326DCCB1}.Debug|Any CPU.Build.0 = Debug|Any CPU
		{3A57BD68-75C9-4BCC-AFB9-D469326DCCB1}.Release|Any CPU.ActiveCfg = Release|Any CPU
		{3A57BD68-75C9-4BCC-AFB9-D469326DCCB1}.Release|Any CPU.Build.0 = Release|Any CPU
		{BB55AF55-4597-4116-AB72-F498BAEC9247}.Debug|Any CPU.ActiveCfg = Debug|Any CPU
		{BB55AF55-4597-4116-AB72-F498BAEC9247}.Debug|Any CPU.Build.0 = Debug|Any CPU
		{BB55AF55-4597-4116-AB72-F498BAEC9247}.Release|Any CPU.ActiveCfg = Release|Any CPU
		{BB55AF55-4597-4116-AB72-F498BAEC9247}.Release|Any CPU.Build.0 = Release|Any CPU
		{F0A646E7-3CDF-426F-BEC1-2CB6DD3AB3F9}.Debug|Any CPU.ActiveCfg = Debug|Any CPU
		{F0A646E7-3CDF-426F-BEC1-2CB6DD3AB3F9}.Debug|Any CPU.Build.0 = Debug|Any CPU
		{F0A646E7-3CDF-426F-BEC1-2CB6DD3AB3F9}.Release|Any CPU.ActiveCfg = Release|Any CPU
		{F0A646E7-3CDF-426F-BEC1-2CB6DD3AB3F9}.Release|Any CPU.Build.0 = Release|Any CPU
		{5FDD0470-C172-4B37-99FE-57167F6D8C4E}.Debug|Any CPU.ActiveCfg = Debug|Any CPU
		{5FDD0470-C172-4B37-99FE-57167F6D8C4E}.Debug|Any CPU.Build.0 = Debug|Any CPU
		{5FDD0470-C172-4B37-99FE-57167F6D8C4E}.Release|Any CPU.ActiveCfg = Release|Any CPU
		{5FDD0470-C172-4B37-99FE-57167F6D8C4E}.Release|Any CPU.Build.0 = Release|Any CPU
	EndGlobalSection
	GlobalSection(SolutionProperties) = preSolution
		HideSolutionNode = FALSE
	EndGlobalSection
	GlobalSection(NestedProjects) = preSolution
		{27F157DC-2DA1-436B-8FDC-B704EB1F899A} = {878AA55E-AA4C-4661-8EE1-AE89E3E5F2E5}
		{3A57BD68-75C9-4BCC-AFB9-D469326DCCB1} = {878AA55E-AA4C-4661-8EE1-AE89E3E5F2E5}
		{BB55AF55-4597-4116-AB72-F498BAEC9247} = {878AA55E-AA4C-4661-8EE1-AE89E3E5F2E5}
		{F0A646E7-3CDF-426F-BEC1-2CB6DD3AB3F9} = {878AA55E-AA4C-4661-8EE1-AE89E3E5F2E5}
		{5FDD0470-C172-4B37-99FE-57167F6D8C4E} = {878AA55E-AA4C-4661-8EE1-AE89E3E5F2E5}
	EndGlobalSection
EndGlobal
